
Microsoft Visual Studio Solution File, Format Version 12.00
# Visual Studio Version 17
VisualStudioVersion = 17.0.31903.59
MinimumVisualStudioVersion = 10.0.40219.1
Project("{2150E333-8FDC-42A3-9474-1A3956D46DE8}") = "src", "src", "{9427251C-FE5C-458A-BB2F-48F616C7396E}"
EndProject
Project("{2150E333-8FDC-42A3-9474-1A3956D46DE8}") = "Auth", "Auth", "{CDC0AF18-6AD6-4202-AAB4-AE11A652C376}"
EndProject
Project("{9A19103F-16F7-4668-BE54-9A1E7A4F7556}") = "Auth.API", "src\Auth\Auth.API\Auth.API.csproj", "{75DEA460-E40D-4633-8E3B-43D3A1C3AA5A}"
EndProject
Project("{9A19103F-16F7-4668-BE54-9A1E7A4F7556}") = "Auth.Application", "src\Auth\Auth.Application\Auth.Application.csproj", "{1325A722-0E14-4642-9FCF-974A1D9B5A38}"
EndProject
Project("{9A19103F-16F7-4668-BE54-9A1E7A4F7556}") = "Auth.Domain", "src\Auth\Auth.Domain\Auth.Domain.csproj", "{D4D8B338-60D3-4D21-A8C2-5E2CC734F57A}"
EndProject
Project("{2150E333-8FDC-42A3-9474-1A3956D46DE8}") = "Profile", "Profile", "{36F05EA8-F363-409C-A0A7-79C2A75AED72}"
EndProject
Project("{9A19103F-16F7-4668-BE54-9A1E7A4F7556}") = "Profile.API", "src\Profile\Profile.API\Profile.API.csproj", "{9BB22C33-C65B-407D-AAEB-C67DD8CD3890}"
EndProject
Project("{9A19103F-16F7-4668-BE54-9A1E7A4F7556}") = "Profile.Domain", "src\Profile\Profile.Domain\Profile.Domain.csproj", "{B4962E2A-4358-4847-A551-680D2BE72F2C}"
EndProject
Project("{9A19103F-16F7-4668-BE54-9A1E7A4F7556}") = "Profile.Application", "src\Profile\Profile.Application\Profile.Application.csproj", "{16C48A2D-0679-44A9-8641-FFC90EB07C1F}"
EndProject
Project("{9A19103F-16F7-4668-BE54-9A1E7A4F7556}") = "Auth.Infrastructure", "src\Auth\Auth.Infrastructure\Auth.Infrastructure.csproj", "{349D78AC-2C9C-421C-A1F6-3F5E744B9FB9}"
EndProject
Project("{9A19103F-16F7-4668-BE54-9A1E7A4F7556}") = "Profile.Infrastructure", "src\Profile\Profile.Infrastructure\Profile.Infrastructure.csproj", "{B55C9C2B-234E-4E7E-83B2-634498C219D4}"
EndProject
Project("{2150E333-8FDC-42A3-9474-1A3956D46DE8}") = "Solution Items", "Solution Items", "{5CABC288-292E-4BBA-88D2-A0603C507DEA}"
	ProjectSection(SolutionItems) = preProject
		.gitignore = .gitignore
		README.md = README.md
	EndProjectSection
EndProject
Project("{2150E333-8FDC-42A3-9474-1A3956D46DE8}") = "Common", "Common", "{4826D383-4F0E-43B8-8B90-C624847524D3}"
EndProject
Project("{2150E333-8FDC-42A3-9474-1A3956D46DE8}") = "Core", "Core", "{38C5E361-A2ED-4371-A490-C48B12F362E6}"
EndProject
Project("{2150E333-8FDC-42A3-9474-1A3956D46DE8}") = "Infrastructure", "Infrastructure", "{C15AE334-2AA9-4EF8-89E4-C20C8AE01D36}"
EndProject
Project("{9A19103F-16F7-4668-BE54-9A1E7A4F7556}") = "StormShop.Options", "src\Common\Core\StormShop.Options\StormShop.Options.csproj", "{7D7F1CC8-5C11-4BD5-8BC2-7E130F0BFF25}"
EndProject
Project("{9A19103F-16F7-4668-BE54-9A1E7A4F7556}") = "StormShop.Common", "src\Common\Core\StormShop.Common\StormShop.Common.csproj", "{732D88D1-0766-4882-9FD4-7F639EDBC1FD}"
EndProject
Project("{FAE04EC0-301F-11D3-BF4B-00C04F79EFBC}") = "StormShop.Infrastructure.Kafka", "src\Common\Infrastructure\StormShop.Infrastructure.Kafka\StormShop.Infrastructure.Kafka.csproj", "{86B0D8FD-60C7-4E03-AC19-3EFDA363A287}"
EndProject
Global
	GlobalSection(SolutionConfigurationPlatforms) = preSolution
		Debug|Any CPU = Debug|Any CPU
		Release|Any CPU = Release|Any CPU
	EndGlobalSection
	GlobalSection(ProjectConfigurationPlatforms) = postSolution
		{75DEA460-E40D-4633-8E3B-43D3A1C3AA5A}.Debug|Any CPU.ActiveCfg = Debug|Any CPU
		{75DEA460-E40D-4633-8E3B-43D3A1C3AA5A}.Debug|Any CPU.Build.0 = Debug|Any CPU
		{75DEA460-E40D-4633-8E3B-43D3A1C3AA5A}.Release|Any CPU.ActiveCfg = Release|Any CPU
		{75DEA460-E40D-4633-8E3B-43D3A1C3AA5A}.Release|Any CPU.Build.0 = Release|Any CPU
		{1325A722-0E14-4642-9FCF-974A1D9B5A38}.Debug|Any CPU.ActiveCfg = Debug|Any CPU
		{1325A722-0E14-4642-9FCF-974A1D9B5A38}.Debug|Any CPU.Build.0 = Debug|Any CPU
		{1325A722-0E14-4642-9FCF-974A1D9B5A38}.Release|Any CPU.ActiveCfg = Release|Any CPU
		{1325A722-0E14-4642-9FCF-974A1D9B5A38}.Release|Any CPU.Build.0 = Release|Any CPU
		{D4D8B338-60D3-4D21-A8C2-5E2CC734F57A}.Debug|Any CPU.ActiveCfg = Debug|Any CPU
		{D4D8B338-60D3-4D21-A8C2-5E2CC734F57A}.Debug|Any CPU.Build.0 = Debug|Any CPU
		{D4D8B338-60D3-4D21-A8C2-5E2CC734F57A}.Release|Any CPU.ActiveCfg = Release|Any CPU
		{D4D8B338-60D3-4D21-A8C2-5E2CC734F57A}.Release|Any CPU.Build.0 = Release|Any CPU
		{9BB22C33-C65B-407D-AAEB-C67DD8CD3890}.Debug|Any CPU.ActiveCfg = Debug|Any CPU
		{9BB22C33-C65B-407D-AAEB-C67DD8CD3890}.Debug|Any CPU.Build.0 = Debug|Any CPU
		{9BB22C33-C65B-407D-AAEB-C67DD8CD3890}.Release|Any CPU.ActiveCfg = Release|Any CPU
		{9BB22C33-C65B-407D-AAEB-C67DD8CD3890}.Release|Any CPU.Build.0 = Release|Any CPU
		{B4962E2A-4358-4847-A551-680D2BE72F2C}.Debug|Any CPU.ActiveCfg = Debug|Any CPU
		{B4962E2A-4358-4847-A551-680D2BE72F2C}.Debug|Any CPU.Build.0 = Debug|Any CPU
		{B4962E2A-4358-4847-A551-680D2BE72F2C}.Release|Any CPU.ActiveCfg = Release|Any CPU
		{B4962E2A-4358-4847-A551-680D2BE72F2C}.Release|Any CPU.Build.0 = Release|Any CPU
		{16C48A2D-0679-44A9-8641-FFC90EB07C1F}.Debug|Any CPU.ActiveCfg = Debug|Any CPU
		{16C48A2D-0679-44A9-8641-FFC90EB07C1F}.Debug|Any CPU.Build.0 = Debug|Any CPU
		{16C48A2D-0679-44A9-8641-FFC90EB07C1F}.Release|Any CPU.ActiveCfg = Release|Any CPU
		{16C48A2D-0679-44A9-8641-FFC90EB07C1F}.Release|Any CPU.Build.0 = Release|Any CPU
		{349D78AC-2C9C-421C-A1F6-3F5E744B9FB9}.Debug|Any CPU.ActiveCfg = Debug|Any CPU
		{349D78AC-2C9C-421C-A1F6-3F5E744B9FB9}.Debug|Any CPU.Build.0 = Debug|Any CPU
		{349D78AC-2C9C-421C-A1F6-3F5E744B9FB9}.Release|Any CPU.ActiveCfg = Release|Any CPU
		{349D78AC-2C9C-421C-A1F6-3F5E744B9FB9}.Release|Any CPU.Build.0 = Release|Any CPU
		{B55C9C2B-234E-4E7E-83B2-634498C219D4}.Debug|Any CPU.ActiveCfg = Debug|Any CPU
		{B55C9C2B-234E-4E7E-83B2-634498C219D4}.Debug|Any CPU.Build.0 = Debug|Any CPU
		{B55C9C2B-234E-4E7E-83B2-634498C219D4}.Release|Any CPU.ActiveCfg = Release|Any CPU
		{B55C9C2B-234E-4E7E-83B2-634498C219D4}.Release|Any CPU.Build.0 = Release|Any CPU
		{7D7F1CC8-5C11-4BD5-8BC2-7E130F0BFF25}.Debug|Any CPU.ActiveCfg = Debug|Any CPU
		{7D7F1CC8-5C11-4BD5-8BC2-7E130F0BFF25}.Debug|Any CPU.Build.0 = Debug|Any CPU
		{7D7F1CC8-5C11-4BD5-8BC2-7E130F0BFF25}.Release|Any CPU.ActiveCfg = Release|Any CPU
		{7D7F1CC8-5C11-4BD5-8BC2-7E130F0BFF25}.Release|Any CPU.Build.0 = Release|Any CPU
		{732D88D1-0766-4882-9FD4-7F639EDBC1FD}.Debug|Any CPU.ActiveCfg = Debug|Any CPU
		{732D88D1-0766-4882-9FD4-7F639EDBC1FD}.Debug|Any CPU.Build.0 = Debug|Any CPU
		{732D88D1-0766-4882-9FD4-7F639EDBC1FD}.Release|Any CPU.ActiveCfg = Release|Any CPU
		{732D88D1-0766-4882-9FD4-7F639EDBC1FD}.Release|Any CPU.Build.0 = Release|Any CPU
		{86B0D8FD-60C7-4E03-AC19-3EFDA363A287}.Debug|Any CPU.ActiveCfg = Debug|Any CPU
		{86B0D8FD-60C7-4E03-AC19-3EFDA363A287}.Debug|Any CPU.Build.0 = Debug|Any CPU
		{86B0D8FD-60C7-4E03-AC19-3EFDA363A287}.Release|Any CPU.ActiveCfg = Release|Any CPU
		{86B0D8FD-60C7-4E03-AC19-3EFDA363A287}.Release|Any CPU.Build.0 = Release|Any CPU
	EndGlobalSection
	GlobalSection(SolutionProperties) = preSolution
		HideSolutionNode = FALSE
	EndGlobalSection
	GlobalSection(NestedProjects) = preSolution
		{CDC0AF18-6AD6-4202-AAB4-AE11A652C376} = {9427251C-FE5C-458A-BB2F-48F616C7396E}
		{75DEA460-E40D-4633-8E3B-43D3A1C3AA5A} = {CDC0AF18-6AD6-4202-AAB4-AE11A652C376}
		{1325A722-0E14-4642-9FCF-974A1D9B5A38} = {CDC0AF18-6AD6-4202-AAB4-AE11A652C376}
		{D4D8B338-60D3-4D21-A8C2-5E2CC734F57A} = {CDC0AF18-6AD6-4202-AAB4-AE11A652C376}
		{36F05EA8-F363-409C-A0A7-79C2A75AED72} = {9427251C-FE5C-458A-BB2F-48F616C7396E}
		{9BB22C33-C65B-407D-AAEB-C67DD8CD3890} = {36F05EA8-F363-409C-A0A7-79C2A75AED72}
		{B4962E2A-4358-4847-A551-680D2BE72F2C} = {36F05EA8-F363-409C-A0A7-79C2A75AED72}
		{16C48A2D-0679-44A9-8641-FFC90EB07C1F} = {36F05EA8-F363-409C-A0A7-79C2A75AED72}
		{349D78AC-2C9C-421C-A1F6-3F5E744B9FB9} = {CDC0AF18-6AD6-4202-AAB4-AE11A652C376}
		{B55C9C2B-234E-4E7E-83B2-634498C219D4} = {36F05EA8-F363-409C-A0A7-79C2A75AED72}
		{4826D383-4F0E-43B8-8B90-C624847524D3} = {9427251C-FE5C-458A-BB2F-48F616C7396E}
		{38C5E361-A2ED-4371-A490-C48B12F362E6} = {4826D383-4F0E-43B8-8B90-C624847524D3}
		{C15AE334-2AA9-4EF8-89E4-C20C8AE01D36} = {4826D383-4F0E-43B8-8B90-C624847524D3}
		{7D7F1CC8-5C11-4BD5-8BC2-7E130F0BFF25} = {38C5E361-A2ED-4371-A490-C48B12F362E6}
		{732D88D1-0766-4882-9FD4-7F639EDBC1FD} = {38C5E361-A2ED-4371-A490-C48B12F362E6}
		{86B0D8FD-60C7-4E03-AC19-3EFDA363A287} = {C15AE334-2AA9-4EF8-89E4-C20C8AE01D36}
	EndGlobalSection
	GlobalSection(ExtensibilityGlobals) = postSolution
		SolutionGuid = {2A1B737B-F287-4D70-A91E-F9061CFBF976}
	EndGlobalSection
EndGlobal
